
Microsoft Visual Studio Solution File, Format Version 12.00
# Visual Studio Version 16
VisualStudioVersion = 16.0.31829.152
MinimumVisualStudioVersion = 10.0.40219.1
Project("{FAE04EC0-301F-11D3-BF4B-00C04F79EFBC}") = "DocCentral.WinForms", "DocCentral.WinForms.csproj", "{8302AEAD-9557-4429-B8C6-EB6ABEF1C325}"
EndProject
Global
	GlobalSection(SolutionConfigurationPlatforms) = preSolution
		Debug|Any CPU = Debug|Any CPU
		Release|Any CPU = Release|Any CPU
	EndGlobalSection
	GlobalSection(ProjectConfigurationPlatforms) = postSolution
		{8302AEAD-9557-4429-B8C6-EB6ABEF1C325}.Debug|Any CPU.ActiveCfg = Debug|Any CPU
		{8302AEAD-9557-4429-B8C6-EB6ABEF1C325}.Debug|Any CPU.Build.0 = Debug|Any CPU
		{8302AEAD-9557-4429-B8C6-EB6ABEF1C325}.Release|Any CPU.ActiveCfg = Release|Any CPU
		{8302AEAD-9557-4429-B8C6-EB6ABEF1C325}.Release|Any CPU.Build.0 = Release|Any CPU
	EndGlobalSection
	GlobalSection(SolutionProperties) = preSolution
		HideSolutionNode = FALSE
	EndGlobalSection
	GlobalSection(ExtensibilityGlobals) = postSolution
		SolutionGuid = {5AC201E3-3E9D-4247-A361-E76ADF82385A}
	EndGlobalSection
EndGlobal
